// !$*UTF8*$!
{
	archiveVersion = 1;
	classes = {
	};
	objectVersion = 48;
	objects = {

/* Begin PBXBuildFile section */
		66BDCD6E2DB62F3D0FDBD897 /* Pods_FoodTrackerTests.framework in Frameworks */ = {isa = PBXBuildFile; fileRef = 6613774925EFBB193C5B91DA /* Pods_FoodTrackerTests.framework */; };
		792AFE5043A50318D42F6D7C /* Pods_FoodTracker.framework in Frameworks */ = {isa = PBXBuildFile; fileRef = 2FC938FF47A3B468EEF13B0C /* Pods_FoodTracker.framework */; };
		B911CCC92045A2D400046A2A /* Food.swift in Sources */ = {isa = PBXBuildFile; fileRef = B911CCC82045A2D400046A2A /* Food.swift */; };
		B911CCCB2045A4A600046A2A /* FoodTableViewCell.swift in Sources */ = {isa = PBXBuildFile; fileRef = B911CCCA2045A4A600046A2A /* FoodTableViewCell.swift */; };
		B911CCCD2045B4C600046A2A /* FoodTableViewController.swift in Sources */ = {isa = PBXBuildFile; fileRef = B911CCCC2045B4C600046A2A /* FoodTableViewController.swift */; };
		B919E08E203DF164000E0402 /* AppDelegate.swift in Sources */ = {isa = PBXBuildFile; fileRef = B919E08D203DF164000E0402 /* AppDelegate.swift */; };
		B919E090203DF164000E0402 /* FoodDetailViewController.swift in Sources */ = {isa = PBXBuildFile; fileRef = B919E08F203DF164000E0402 /* FoodDetailViewController.swift */; };
		B919E093203DF164000E0402 /* Main.storyboard in Resources */ = {isa = PBXBuildFile; fileRef = B919E091203DF164000E0402 /* Main.storyboard */; };
		B919E095203DF164000E0402 /* Assets.xcassets in Resources */ = {isa = PBXBuildFile; fileRef = B919E094203DF164000E0402 /* Assets.xcassets */; };
		B919E098203DF164000E0402 /* LaunchScreen.storyboard in Resources */ = {isa = PBXBuildFile; fileRef = B919E096203DF164000E0402 /* LaunchScreen.storyboard */; };
		B919E0A3203DF164000E0402 /* FoodTrackerTests.swift in Sources */ = {isa = PBXBuildFile; fileRef = B919E0A2203DF164000E0402 /* FoodTrackerTests.swift */; };
		B926B53F2049FF0A00C74F71 /* FoodCollectionViewCell.swift in Sources */ = {isa = PBXBuildFile; fileRef = B926B53E2049FF0A00C74F71 /* FoodCollectionViewCell.swift */; };
		B926B541204A05C100C74F71 /* FoodCollectionViewController.swift in Sources */ = {isa = PBXBuildFile; fileRef = B926B540204A05C100C74F71 /* FoodCollectionViewController.swift */; };
		B926B543204DE45B00C74F71 /* FoodCollectionViewLayout.swift in Sources */ = {isa = PBXBuildFile; fileRef = B926B542204DE45B00C74F71 /* FoodCollectionViewLayout.swift */; };
		B9BB7468203E230F00C4B475 /* RatingControl.swift in Sources */ = {isa = PBXBuildFile; fileRef = B9BB7467203E230F00C4B475 /* RatingControl.swift */; };
/* End PBXBuildFile section */

/* Begin PBXContainerItemProxy section */
		B919E09F203DF164000E0402 /* PBXContainerItemProxy */ = {
			isa = PBXContainerItemProxy;
			containerPortal = B919E082203DF164000E0402 /* Project object */;
			proxyType = 1;
			remoteGlobalIDString = B919E089203DF164000E0402;
			remoteInfo = FoodTracker;
		};
/* End PBXContainerItemProxy section */

/* Begin PBXCopyFilesBuildPhase section */
		B91C416920507CC000906956 /* Embed Frameworks */ = {
			isa = PBXCopyFilesBuildPhase;
			buildActionMask = 2147483647;
			dstPath = "";
			dstSubfolderSpec = 10;
			files = (
			);
			name = "Embed Frameworks";
			runOnlyForDeploymentPostprocessing = 0;
		};
/* End PBXCopyFilesBuildPhase section */

/* Begin PBXFileReference section */
		1BF0844E1BDC479705C89052 /* Pods-FoodTrackerTests.debug.xcconfig */ = {isa = PBXFileReference; includeInIndex = 1; lastKnownFileType = text.xcconfig; name = "Pods-FoodTrackerTests.debug.xcconfig"; path = "Pods/Target Support Files/Pods-FoodTrackerTests/Pods-FoodTrackerTests.debug.xcconfig"; sourceTree = "<group>"; };
		1F5C11C3BCB24E94583AE874 /* Pods-FoodTracker.debug.xcconfig */ = {isa = PBXFileReference; includeInIndex = 1; lastKnownFileType = text.xcconfig; name = "Pods-FoodTracker.debug.xcconfig"; path = "Pods/Target Support Files/Pods-FoodTracker/Pods-FoodTracker.debug.xcconfig"; sourceTree = "<group>"; };
		2FC938FF47A3B468EEF13B0C /* Pods_FoodTracker.framework */ = {isa = PBXFileReference; explicitFileType = wrapper.framework; includeInIndex = 0; path = Pods_FoodTracker.framework; sourceTree = BUILT_PRODUCTS_DIR; };
		6613774925EFBB193C5B91DA /* Pods_FoodTrackerTests.framework */ = {isa = PBXFileReference; explicitFileType = wrapper.framework; includeInIndex = 0; path = Pods_FoodTrackerTests.framework; sourceTree = BUILT_PRODUCTS_DIR; };
		8434F6D712FE1A5C22D05222 /* Pods-FoodTrackerTests.release.xcconfig */ = {isa = PBXFileReference; includeInIndex = 1; lastKnownFileType = text.xcconfig; name = "Pods-FoodTrackerTests.release.xcconfig"; path = "Pods/Target Support Files/Pods-FoodTrackerTests/Pods-FoodTrackerTests.release.xcconfig"; sourceTree = "<group>"; };
		A55310C159977CDBDAC0689E /* Pods-FoodTracker.release.xcconfig */ = {isa = PBXFileReference; includeInIndex = 1; lastKnownFileType = text.xcconfig; name = "Pods-FoodTracker.release.xcconfig"; path = "Pods/Target Support Files/Pods-FoodTracker/Pods-FoodTracker.release.xcconfig"; sourceTree = "<group>"; };
		B911CCC82045A2D400046A2A /* Food.swift */ = {isa = PBXFileReference; lastKnownFileType = sourcecode.swift; path = Food.swift; sourceTree = "<group>"; };
		B911CCCA2045A4A600046A2A /* FoodTableViewCell.swift */ = {isa = PBXFileReference; lastKnownFileType = sourcecode.swift; path = FoodTableViewCell.swift; sourceTree = "<group>"; };
		B911CCCC2045B4C600046A2A /* FoodTableViewController.swift */ = {isa = PBXFileReference; lastKnownFileType = sourcecode.swift; path = FoodTableViewController.swift; sourceTree = "<group>"; };
		B919E08A203DF164000E0402 /* FoodTracker.app */ = {isa = PBXFileReference; explicitFileType = wrapper.application; includeInIndex = 0; path = FoodTracker.app; sourceTree = BUILT_PRODUCTS_DIR; };
		B919E08D203DF164000E0402 /* AppDelegate.swift */ = {isa = PBXFileReference; lastKnownFileType = sourcecode.swift; path = AppDelegate.swift; sourceTree = "<group>"; };
		B919E08F203DF164000E0402 /* FoodDetailViewController.swift */ = {isa = PBXFileReference; lastKnownFileType = sourcecode.swift; path = FoodDetailViewController.swift; sourceTree = "<group>"; };
		B919E092203DF164000E0402 /* Base */ = {isa = PBXFileReference; lastKnownFileType = file.storyboard; name = Base; path = Base.lproj/Main.storyboard; sourceTree = "<group>"; };
		B919E094203DF164000E0402 /* Assets.xcassets */ = {isa = PBXFileReference; lastKnownFileType = folder.assetcatalog; path = Assets.xcassets; sourceTree = "<group>"; };
		B919E097203DF164000E0402 /* Base */ = {isa = PBXFileReference; lastKnownFileType = file.storyboard; name = Base; path = Base.lproj/LaunchScreen.storyboard; sourceTree = "<group>"; };
		B919E099203DF164000E0402 /* Info.plist */ = {isa = PBXFileReference; lastKnownFileType = text.plist.xml; path = Info.plist; sourceTree = "<group>"; };
		B919E09E203DF164000E0402 /* FoodTrackerTests.xctest */ = {isa = PBXFileReference; explicitFileType = wrapper.cfbundle; includeInIndex = 0; path = FoodTrackerTests.xctest; sourceTree = BUILT_PRODUCTS_DIR; };
		B919E0A2203DF164000E0402 /* FoodTrackerTests.swift */ = {isa = PBXFileReference; lastKnownFileType = sourcecode.swift; path = FoodTrackerTests.swift; sourceTree = "<group>"; };
		B919E0A4203DF164000E0402 /* Info.plist */ = {isa = PBXFileReference; lastKnownFileType = text.plist.xml; path = Info.plist; sourceTree = "<group>"; };
		B926B53E2049FF0A00C74F71 /* FoodCollectionViewCell.swift */ = {isa = PBXFileReference; lastKnownFileType = sourcecode.swift; path = FoodCollectionViewCell.swift; sourceTree = "<group>"; };
		B926B540204A05C100C74F71 /* FoodCollectionViewController.swift */ = {isa = PBXFileReference; lastKnownFileType = sourcecode.swift; path = FoodCollectionViewController.swift; sourceTree = "<group>"; };
		B926B542204DE45B00C74F71 /* FoodCollectionViewLayout.swift */ = {isa = PBXFileReference; lastKnownFileType = sourcecode.swift; path = FoodCollectionViewLayout.swift; sourceTree = "<group>"; };
		B9BB7467203E230F00C4B475 /* RatingControl.swift */ = {isa = PBXFileReference; lastKnownFileType = sourcecode.swift; path = RatingControl.swift; sourceTree = "<group>"; };
/* End PBXFileReference section */

/* Begin PBXFrameworksBuildPhase section */
		B919E087203DF164000E0402 /* Frameworks */ = {
			isa = PBXFrameworksBuildPhase;
			buildActionMask = 2147483647;
			files = (
				792AFE5043A50318D42F6D7C /* Pods_FoodTracker.framework in Frameworks */,
			);
			runOnlyForDeploymentPostprocessing = 0;
		};
		B919E09B203DF164000E0402 /* Frameworks */ = {
			isa = PBXFrameworksBuildPhase;
			buildActionMask = 2147483647;
			files = (
				66BDCD6E2DB62F3D0FDBD897 /* Pods_FoodTrackerTests.framework in Frameworks */,
			);
			runOnlyForDeploymentPostprocessing = 0;
		};
/* End PBXFrameworksBuildPhase section */

/* Begin PBXGroup section */
		5020EAA310C25A69C44E17F6 /* Frameworks */ = {
			isa = PBXGroup;
			children = (
				2FC938FF47A3B468EEF13B0C /* Pods_FoodTracker.framework */,
				6613774925EFBB193C5B91DA /* Pods_FoodTrackerTests.framework */,
			);
			name = Frameworks;
			sourceTree = "<group>";
		};
		B919E081203DF164000E0402 = {
			isa = PBXGroup;
			children = (
				B919E08C203DF164000E0402 /* FoodTracker */,
				B919E0A1203DF164000E0402 /* FoodTrackerTests */,
				B919E08B203DF164000E0402 /* Products */,
				EC55E9AA710F0BEB869642D3 /* Pods */,
				5020EAA310C25A69C44E17F6 /* Frameworks */,
			);
			sourceTree = "<group>";
		};
		B919E08B203DF164000E0402 /* Products */ = {
			isa = PBXGroup;
			children = (
				B919E08A203DF164000E0402 /* FoodTracker.app */,
				B919E09E203DF164000E0402 /* FoodTrackerTests.xctest */,
			);
			name = Products;
			sourceTree = "<group>";
		};
		B919E08C203DF164000E0402 /* FoodTracker */ = {
			isa = PBXGroup;
			children = (
				B9BB7467203E230F00C4B475 /* RatingControl.swift */,
				B919E08D203DF164000E0402 /* AppDelegate.swift */,
				B919E08F203DF164000E0402 /* FoodDetailViewController.swift */,
				B911CCC82045A2D400046A2A /* Food.swift */,
				B919E091203DF164000E0402 /* Main.storyboard */,
				B926B540204A05C100C74F71 /* FoodCollectionViewController.swift */,
				B926B53E2049FF0A00C74F71 /* FoodCollectionViewCell.swift */,
				B919E094203DF164000E0402 /* Assets.xcassets */,
				B919E096203DF164000E0402 /* LaunchScreen.storyboard */,
				B919E099203DF164000E0402 /* Info.plist */,
				B911CCCA2045A4A600046A2A /* FoodTableViewCell.swift */,
				B911CCCC2045B4C600046A2A /* FoodTableViewController.swift */,
				B926B542204DE45B00C74F71 /* FoodCollectionViewLayout.swift */,
			);
			path = FoodTracker;
			sourceTree = "<group>";
		};
		B919E0A1203DF164000E0402 /* FoodTrackerTests */ = {
			isa = PBXGroup;
			children = (
				B919E0A2203DF164000E0402 /* FoodTrackerTests.swift */,
				B919E0A4203DF164000E0402 /* Info.plist */,
			);
			path = FoodTrackerTests;
			sourceTree = "<group>";
		};
		EC55E9AA710F0BEB869642D3 /* Pods */ = {
			isa = PBXGroup;
			children = (
				1F5C11C3BCB24E94583AE874 /* Pods-FoodTracker.debug.xcconfig */,
				A55310C159977CDBDAC0689E /* Pods-FoodTracker.release.xcconfig */,
				1BF0844E1BDC479705C89052 /* Pods-FoodTrackerTests.debug.xcconfig */,
				8434F6D712FE1A5C22D05222 /* Pods-FoodTrackerTests.release.xcconfig */,
			);
			name = Pods;
			sourceTree = "<group>";
		};
/* End PBXGroup section */

/* Begin PBXNativeTarget section */
		B919E089203DF164000E0402 /* FoodTracker */ = {
			isa = PBXNativeTarget;
			buildConfigurationList = B919E0A7203DF164000E0402 /* Build configuration list for PBXNativeTarget "FoodTracker" */;
			buildPhases = (
				89476172543FA1A3A2439308 /* [CP] Check Pods Manifest.lock */,
				B919E086203DF164000E0402 /* Sources */,
				B919E087203DF164000E0402 /* Frameworks */,
				B919E088203DF164000E0402 /* Resources */,
				B91C416920507CC000906956 /* Embed Frameworks */,
				C490EB211619BC2FFF35D142 /* [CP] Embed Pods Frameworks */,
				DD2C0E6947BE1E884BE9C048 /* [CP] Copy Pods Resources */,
			);
			buildRules = (
			);
			dependencies = (
			);
			name = FoodTracker;
			productName = FoodTracker;
			productReference = B919E08A203DF164000E0402 /* FoodTracker.app */;
			productType = "com.apple.product-type.application";
		};
		B919E09D203DF164000E0402 /* FoodTrackerTests */ = {
			isa = PBXNativeTarget;
			buildConfigurationList = B919E0AA203DF164000E0402 /* Build configuration list for PBXNativeTarget "FoodTrackerTests" */;
			buildPhases = (
				2E5B2CBD065AA4D2268671B4 /* [CP] Check Pods Manifest.lock */,
				B919E09A203DF164000E0402 /* Sources */,
				B919E09B203DF164000E0402 /* Frameworks */,
				B919E09C203DF164000E0402 /* Resources */,
				1E40C6794EE4F1E877804B0D /* [CP] Embed Pods Frameworks */,
				7CCD77CCDFFB441F6ACE2FC3 /* [CP] Copy Pods Resources */,
			);
			buildRules = (
			);
			dependencies = (
				B919E0A0203DF164000E0402 /* PBXTargetDependency */,
			);
			name = FoodTrackerTests;
			productName = FoodTrackerTests;
			productReference = B919E09E203DF164000E0402 /* FoodTrackerTests.xctest */;
			productType = "com.apple.product-type.bundle.unit-test";
		};
/* End PBXNativeTarget section */

/* Begin PBXProject section */
		B919E082203DF164000E0402 /* Project object */ = {
			isa = PBXProject;
			attributes = {
				LastSwiftUpdateCheck = 0920;
				LastUpgradeCheck = 0920;
				ORGANIZATIONNAME = Internship;
				TargetAttributes = {
					B919E089203DF164000E0402 = {
						CreatedOnToolsVersion = 9.2;
						ProvisioningStyle = Automatic;
					};
					B919E09D203DF164000E0402 = {
						CreatedOnToolsVersion = 9.2;
						ProvisioningStyle = Automatic;
						TestTargetID = B919E089203DF164000E0402;
					};
				};
			};
			buildConfigurationList = B919E085203DF164000E0402 /* Build configuration list for PBXProject "FoodTracker" */;
			compatibilityVersion = "Xcode 8.0";
			developmentRegion = en;
			hasScannedForEncodings = 0;
			knownRegions = (
				en,
				Base,
			);
			mainGroup = B919E081203DF164000E0402;
			productRefGroup = B919E08B203DF164000E0402 /* Products */;
			projectDirPath = "";
			projectRoot = "";
			targets = (
				B919E089203DF164000E0402 /* FoodTracker */,
				B919E09D203DF164000E0402 /* FoodTrackerTests */,
			);
		};
/* End PBXProject section */

/* Begin PBXResourcesBuildPhase section */
		B919E088203DF164000E0402 /* Resources */ = {
			isa = PBXResourcesBuildPhase;
			buildActionMask = 2147483647;
			files = (
				B919E098203DF164000E0402 /* LaunchScreen.storyboard in Resources */,
				B919E095203DF164000E0402 /* Assets.xcassets in Resources */,
				B919E093203DF164000E0402 /* Main.storyboard in Resources */,
			);
			runOnlyForDeploymentPostprocessing = 0;
		};
		B919E09C203DF164000E0402 /* Resources */ = {
			isa = PBXResourcesBuildPhase;
			buildActionMask = 2147483647;
			files = (
			);
			runOnlyForDeploymentPostprocessing = 0;
		};
/* End PBXResourcesBuildPhase section */

/* Begin PBXShellScriptBuildPhase section */
		1E40C6794EE4F1E877804B0D /* [CP] Embed Pods Frameworks */ = {
			isa = PBXShellScriptBuildPhase;
			buildActionMask = 2147483647;
			files = (
			);
			inputPaths = (
			);
			name = "[CP] Embed Pods Frameworks";
			outputPaths = (
			);
			runOnlyForDeploymentPostprocessing = 0;
			shellPath = /bin/sh;
			shellScript = "\"${SRCROOT}/Pods/Target Support Files/Pods-FoodTrackerTests/Pods-FoodTrackerTests-frameworks.sh\"\n";
			showEnvVarsInLog = 0;
		};
		2E5B2CBD065AA4D2268671B4 /* [CP] Check Pods Manifest.lock */ = {
			isa = PBXShellScriptBuildPhase;
			buildActionMask = 2147483647;
			files = (
			);
			inputPaths = (
				"${PODS_PODFILE_DIR_PATH}/Podfile.lock",
				"${PODS_ROOT}/Manifest.lock",
			);
			name = "[CP] Check Pods Manifest.lock";
			outputPaths = (
				"$(DERIVED_FILE_DIR)/Pods-FoodTrackerTests-checkManifestLockResult.txt",
			);
			runOnlyForDeploymentPostprocessing = 0;
			shellPath = /bin/sh;
			shellScript = "diff \"${PODS_PODFILE_DIR_PATH}/Podfile.lock\" \"${PODS_ROOT}/Manifest.lock\" > /dev/null\nif [ $? != 0 ] ; then\n    # print error to STDERR\n    echo \"error: The sandbox is not in sync with the Podfile.lock. Run 'pod install' or update your CocoaPods installation.\" >&2\n    exit 1\nfi\n# This output is used by Xcode 'outputs' to avoid re-running this script phase.\necho \"SUCCESS\" > \"${SCRIPT_OUTPUT_FILE_0}\"\n";
			showEnvVarsInLog = 0;
		};
		7CCD77CCDFFB441F6ACE2FC3 /* [CP] Copy Pods Resources */ = {
			isa = PBXShellScriptBuildPhase;
			buildActionMask = 2147483647;
			files = (
			);
			inputPaths = (
			);
			name = "[CP] Copy Pods Resources";
			outputPaths = (
			);
			runOnlyForDeploymentPostprocessing = 0;
			shellPath = /bin/sh;
			shellScript = "\"${SRCROOT}/Pods/Target Support Files/Pods-FoodTrackerTests/Pods-FoodTrackerTests-resources.sh\"\n";
			showEnvVarsInLog = 0;
		};
		89476172543FA1A3A2439308 /* [CP] Check Pods Manifest.lock */ = {
			isa = PBXShellScriptBuildPhase;
			buildActionMask = 2147483647;
			files = (
			);
			inputPaths = (
				"${PODS_PODFILE_DIR_PATH}/Podfile.lock",
				"${PODS_ROOT}/Manifest.lock",
			);
			name = "[CP] Check Pods Manifest.lock";
			outputPaths = (
				"$(DERIVED_FILE_DIR)/Pods-FoodTracker-checkManifestLockResult.txt",
			);
			runOnlyForDeploymentPostprocessing = 0;
			shellPath = /bin/sh;
			shellScript = "diff \"${PODS_PODFILE_DIR_PATH}/Podfile.lock\" \"${PODS_ROOT}/Manifest.lock\" > /dev/null\nif [ $? != 0 ] ; then\n    # print error to STDERR\n    echo \"error: The sandbox is not in sync with the Podfile.lock. Run 'pod install' or update your CocoaPods installation.\" >&2\n    exit 1\nfi\n# This output is used by Xcode 'outputs' to avoid re-running this script phase.\necho \"SUCCESS\" > \"${SCRIPT_OUTPUT_FILE_0}\"\n";
			showEnvVarsInLog = 0;
		};
		C490EB211619BC2FFF35D142 /* [CP] Embed Pods Frameworks */ = {
			isa = PBXShellScriptBuildPhase;
			buildActionMask = 2147483647;
			files = (
			);
			inputPaths = (
				"${SRCROOT}/Pods/Target Support Files/Pods-FoodTracker/Pods-FoodTracker-frameworks.sh",
				"${BUILT_PRODUCTS_DIR}/Alamofire/Alamofire.framework",
			);
			name = "[CP] Embed Pods Frameworks";
			outputPaths = (
				"${TARGET_BUILD_DIR}/${FRAMEWORKS_FOLDER_PATH}/Alamofire.framework",
			);
			runOnlyForDeploymentPostprocessing = 0;
			shellPath = /bin/sh;
			shellScript = "\"${SRCROOT}/Pods/Target Support Files/Pods-FoodTracker/Pods-FoodTracker-frameworks.sh\"\n";
			showEnvVarsInLog = 0;
		};
		DD2C0E6947BE1E884BE9C048 /* [CP] Copy Pods Resources */ = {
			isa = PBXShellScriptBuildPhase;
			buildActionMask = 2147483647;
			files = (
			);
			inputPaths = (
			);
			name = "[CP] Copy Pods Resources";
			outputPaths = (
			);
			runOnlyForDeploymentPostprocessing = 0;
			shellPath = /bin/sh;
			shellScript = "\"${SRCROOT}/Pods/Target Support Files/Pods-FoodTracker/Pods-FoodTracker-resources.sh\"\n";
			showEnvVarsInLog = 0;
		};
/* End PBXShellScriptBuildPhase section */

/* Begin PBXSourcesBuildPhase section */
		B919E086203DF164000E0402 /* Sources */ = {
			isa = PBXSourcesBuildPhase;
			buildActionMask = 2147483647;
			files = (
				B926B541204A05C100C74F71 /* FoodCollectionViewController.swift in Sources */,
				B919E090203DF164000E0402 /* FoodDetailViewController.swift in Sources */,
				B911CCCD2045B4C600046A2A /* FoodTableViewController.swift in Sources */,
				B911CCC92045A2D400046A2A /* Food.swift in Sources */,
				B911CCCB2045A4A600046A2A /* FoodTableViewCell.swift in Sources */,
				B9BB7468203E230F00C4B475 /* RatingControl.swift in Sources */,
				B926B543204DE45B00C74F71 /* FoodCollectionViewLayout.swift in Sources */,
				B919E08E203DF164000E0402 /* AppDelegate.swift in Sources */,
				B926B53F2049FF0A00C74F71 /* FoodCollectionViewCell.swift in Sources */,
			);
			runOnlyForDeploymentPostprocessing = 0;
		};
		B919E09A203DF164000E0402 /* Sources */ = {
			isa = PBXSourcesBuildPhase;
			buildActionMask = 2147483647;
			files = (
				B919E0A3203DF164000E0402 /* FoodTrackerTests.swift in Sources */,
			);
			runOnlyForDeploymentPostprocessing = 0;
		};
/* End PBXSourcesBuildPhase section */

/* Begin PBXTargetDependency section */
		B919E0A0203DF164000E0402 /* PBXTargetDependency */ = {
			isa = PBXTargetDependency;
			target = B919E089203DF164000E0402 /* FoodTracker */;
			targetProxy = B919E09F203DF164000E0402 /* PBXContainerItemProxy */;
		};
/* End PBXTargetDependency section */

/* Begin PBXVariantGroup section */
		B919E091203DF164000E0402 /* Main.storyboard */ = {
			isa = PBXVariantGroup;
			children = (
				B919E092203DF164000E0402 /* Base */,
			);
			name = Main.storyboard;
			sourceTree = "<group>";
		};
		B919E096203DF164000E0402 /* LaunchScreen.storyboard */ = {
			isa = PBXVariantGroup;
			children = (
				B919E097203DF164000E0402 /* Base */,
			);
			name = LaunchScreen.storyboard;
			sourceTree = "<group>";
		};
/* End PBXVariantGroup section */

/* Begin XCBuildConfiguration section */
		B919E0A5203DF164000E0402 /* Debug */ = {
			isa = XCBuildConfiguration;
			buildSettings = {
				ALWAYS_SEARCH_USER_PATHS = NO;
				CLANG_ANALYZER_NONNULL = YES;
				CLANG_ANALYZER_NUMBER_OBJECT_CONVERSION = YES_AGGRESSIVE;
				CLANG_CXX_LANGUAGE_STANDARD = "gnu++14";
				CLANG_CXX_LIBRARY = "libc++";
				CLANG_ENABLE_MODULES = YES;
				CLANG_ENABLE_OBJC_ARC = YES;
				CLANG_WARN_BLOCK_CAPTURE_AUTORELEASING = YES;
				CLANG_WARN_BOOL_CONVERSION = YES;
				CLANG_WARN_COMMA = YES;
				CLANG_WARN_CONSTANT_CONVERSION = YES;
				CLANG_WARN_DIRECT_OBJC_ISA_USAGE = YES_ERROR;
				CLANG_WARN_DOCUMENTATION_COMMENTS = YES;
				CLANG_WARN_EMPTY_BODY = YES;
				CLANG_WARN_ENUM_CONVERSION = YES;
				CLANG_WARN_INFINITE_RECURSION = YES;
				CLANG_WARN_INT_CONVERSION = YES;
				CLANG_WARN_NON_LITERAL_NULL_CONVERSION = YES;
				CLANG_WARN_OBJC_LITERAL_CONVERSION = YES;
				CLANG_WARN_OBJC_ROOT_CLASS = YES_ERROR;
				CLANG_WARN_RANGE_LOOP_ANALYSIS = YES;
				CLANG_WARN_STRICT_PROTOTYPES = YES;
				CLANG_WARN_SUSPICIOUS_MOVE = YES;
				CLANG_WARN_UNGUARDED_AVAILABILITY = YES_AGGRESSIVE;
				CLANG_WARN_UNREACHABLE_CODE = YES;
				CLANG_WARN__DUPLICATE_METHOD_MATCH = YES;
				CODE_SIGN_IDENTITY = "iPhone Developer";
				COPY_PHASE_STRIP = NO;
				DEBUG_INFORMATION_FORMAT = dwarf;
				ENABLE_STRICT_OBJC_MSGSEND = YES;
				ENABLE_TESTABILITY = YES;
				GCC_C_LANGUAGE_STANDARD = gnu11;
				GCC_DYNAMIC_NO_PIC = NO;
				GCC_NO_COMMON_BLOCKS = YES;
				GCC_OPTIMIZATION_LEVEL = 0;
				GCC_PREPROCESSOR_DEFINITIONS = (
					"DEBUG=1",
					"$(inherited)",
				);
				GCC_WARN_64_TO_32_BIT_CONVERSION = YES;
				GCC_WARN_ABOUT_RETURN_TYPE = YES_ERROR;
				GCC_WARN_UNDECLARED_SELECTOR = YES;
				GCC_WARN_UNINITIALIZED_AUTOS = YES_AGGRESSIVE;
				GCC_WARN_UNUSED_FUNCTION = YES;
				GCC_WARN_UNUSED_VARIABLE = YES;
				IPHONEOS_DEPLOYMENT_TARGET = 11.2;
				MTL_ENABLE_DEBUG_INFO = YES;
				ONLY_ACTIVE_ARCH = YES;
				SDKROOT = iphoneos;
				SWIFT_ACTIVE_COMPILATION_CONDITIONS = DEBUG;
				SWIFT_OPTIMIZATION_LEVEL = "-Onone";
			};
			name = Debug;
		};
		B919E0A6203DF164000E0402 /* Release */ = {
			isa = XCBuildConfiguration;
			buildSettings = {
				ALWAYS_SEARCH_USER_PATHS = NO;
				CLANG_ANALYZER_NONNULL = YES;
				CLANG_ANALYZER_NUMBER_OBJECT_CONVERSION = YES_AGGRESSIVE;
				CLANG_CXX_LANGUAGE_STANDARD = "gnu++14";
				CLANG_CXX_LIBRARY = "libc++";
				CLANG_ENABLE_MODULES = YES;
				CLANG_ENABLE_OBJC_ARC = YES;
				CLANG_WARN_BLOCK_CAPTURE_AUTORELEASING = YES;
				CLANG_WARN_BOOL_CONVERSION = YES;
				CLANG_WARN_COMMA = YES;
				CLANG_WARN_CONSTANT_CONVERSION = YES;
				CLANG_WARN_DIRECT_OBJC_ISA_USAGE = YES_ERROR;
				CLANG_WARN_DOCUMENTATION_COMMENTS = YES;
				CLANG_WARN_EMPTY_BODY = YES;
				CLANG_WARN_ENUM_CONVERSION = YES;
				CLANG_WARN_INFINITE_RECURSION = YES;
				CLANG_WARN_INT_CONVERSION = YES;
				CLANG_WARN_NON_LITERAL_NULL_CONVERSION = YES;
				CLANG_WARN_OBJC_LITERAL_CONVERSION = YES;
				CLANG_WARN_OBJC_ROOT_CLASS = YES_ERROR;
				CLANG_WARN_RANGE_LOOP_ANALYSIS = YES;
				CLANG_WARN_STRICT_PROTOTYPES = YES;
				CLANG_WARN_SUSPICIOUS_MOVE = YES;
				CLANG_WARN_UNGUARDED_AVAILABILITY = YES_AGGRESSIVE;
				CLANG_WARN_UNREACHABLE_CODE = YES;
				CLANG_WARN__DUPLICATE_METHOD_MATCH = YES;
				CODE_SIGN_IDENTITY = "iPhone Developer";
				COPY_PHASE_STRIP = NO;
				DEBUG_INFORMATION_FORMAT = "dwarf-with-dsym";
				ENABLE_NS_ASSERTIONS = NO;
				ENABLE_STRICT_OBJC_MSGSEND = YES;
				GCC_C_LANGUAGE_STANDARD = gnu11;
				GCC_NO_COMMON_BLOCKS = YES;
				GCC_WARN_64_TO_32_BIT_CONVERSION = YES;
				GCC_WARN_ABOUT_RETURN_TYPE = YES_ERROR;
				GCC_WARN_UNDECLARED_SELECTOR = YES;
				GCC_WARN_UNINITIALIZED_AUTOS = YES_AGGRESSIVE;
				GCC_WARN_UNUSED_FUNCTION = YES;
				GCC_WARN_UNUSED_VARIABLE = YES;
				IPHONEOS_DEPLOYMENT_TARGET = 11.2;
				MTL_ENABLE_DEBUG_INFO = NO;
				SDKROOT = iphoneos;
				SWIFT_OPTIMIZATION_LEVEL = "-Owholemodule";
				VALIDATE_PRODUCT = YES;
			};
			name = Release;
		};
		B919E0A8203DF164000E0402 /* Debug */ = {
			isa = XCBuildConfiguration;
			baseConfigurationReference = 1F5C11C3BCB24E94583AE874 /* Pods-FoodTracker.debug.xcconfig */;
			buildSettings = {
				ALWAYS_EMBED_SWIFT_STANDARD_LIBRARIES = YES;
				ASSETCATALOG_COMPILER_APPICON_NAME = AppIcon;
				CODE_SIGN_STYLE = Automatic;
				INFOPLIST_FILE = FoodTracker/Info.plist;
				LD_RUNPATH_SEARCH_PATHS = "$(inherited) @executable_path/Frameworks";
				PRODUCT_BUNDLE_IDENTIFIER = example.FoodTracker;
				PRODUCT_NAME = "$(TARGET_NAME)";
				SWIFT_VERSION = 4.0;
				TARGETED_DEVICE_FAMILY = "1,2";
			};
			name = Debug;
		};
		B919E0A9203DF164000E0402 /* Release */ = {
			isa = XCBuildConfiguration;
			baseConfigurationReference = A55310C159977CDBDAC0689E /* Pods-FoodTracker.release.xcconfig */;
			buildSettings = {
				ALWAYS_EMBED_SWIFT_STANDARD_LIBRARIES = YES;
				ASSETCATALOG_COMPILER_APPICON_NAME = AppIcon;
				CODE_SIGN_STYLE = Automatic;
				INFOPLIST_FILE = FoodTracker/Info.plist;
				LD_RUNPATH_SEARCH_PATHS = "$(inherited) @executable_path/Frameworks";
				PRODUCT_BUNDLE_IDENTIFIER = example.FoodTracker;
				PRODUCT_NAME = "$(TARGET_NAME)";
				SWIFT_VERSION = 4.0;
				TARGETED_DEVICE_FAMILY = "1,2";
			};
			name = Release;
		};
		B919E0AB203DF164000E0402 /* Debug */ = {
			isa = XCBuildConfiguration;
			baseConfigurationReference = 1BF0844E1BDC479705C89052 /* Pods-FoodTrackerTests.debug.xcconfig */;
			buildSettings = {
				ALWAYS_EMBED_SWIFT_STANDARD_LIBRARIES = YES;
				BUNDLE_LOADER = "$(TEST_HOST)";
				CODE_SIGN_STYLE = Automatic;
				INFOPLIST_FILE = FoodTrackerTests/Info.plist;
				LD_RUNPATH_SEARCH_PATHS = "$(inherited) @executable_path/Frameworks @loader_path/Frameworks";
				PRODUCT_BUNDLE_IDENTIFIER = example.FoodTrackerTests;
				PRODUCT_NAME = "$(TARGET_NAME)";
				SWIFT_VERSION = 4.0;
				TARGETED_DEVICE_FAMILY = "1,2";
				TEST_HOST = "$(BUILT_PRODUCTS_DIR)/FoodTracker.app/FoodTracker";
			};
			name = Debug;
		};
		B919E0AC203DF164000E0402 /* Release */ = {
			isa = XCBuildConfiguration;
			baseConfigurationReference = 8434F6D712FE1A5C22D05222 /* Pods-FoodTrackerTests.release.xcconfig */;
			buildSettings = {
				ALWAYS_EMBED_SWIFT_STANDARD_LIBRARIES = YES;
				BUNDLE_LOADER = "$(TEST_HOST)";
				CODE_SIGN_STYLE = Automatic;
				INFOPLIST_FILE = FoodTrackerTests/Info.plist;
				LD_RUNPATH_SEARCH_PATHS = "$(inherited) @executable_path/Frameworks @loader_path/Frameworks";
				PRODUCT_BUNDLE_IDENTIFIER = example.FoodTrackerTests;
				PRODUCT_NAME = "$(TARGET_NAME)";
				SWIFT_VERSION = 4.0;
				TARGETED_DEVICE_FAMILY = "1,2";
				TEST_HOST = "$(BUILT_PRODUCTS_DIR)/FoodTracker.app/FoodTracker";
			};
			name = Release;
		};
/* End XCBuildConfiguration section */

/* Begin XCConfigurationList section */
		B919E085203DF164000E0402 /* Build configuration list for PBXProject "FoodTracker" */ = {
			isa = XCConfigurationList;
			buildConfigurations = (
				B919E0A5203DF164000E0402 /* Debug */,
				B919E0A6203DF164000E0402 /* Release */,
			);
			defaultConfigurationIsVisible = 0;
			defaultConfigurationName = Release;
		};
		B919E0A7203DF164000E0402 /* Build configuration list for PBXNativeTarget "FoodTracker" */ = {
			isa = XCConfigurationList;
			buildConfigurations = (
				B919E0A8203DF164000E0402 /* Debug */,
				B919E0A9203DF164000E0402 /* Release */,
			);
			defaultConfigurationIsVisible = 0;
			defaultConfigurationName = Release;
		};
		B919E0AA203DF164000E0402 /* Build configuration list for PBXNativeTarget "FoodTrackerTests" */ = {
			isa = XCConfigurationList;
			buildConfigurations = (
				B919E0AB203DF164000E0402 /* Debug */,
				B919E0AC203DF164000E0402 /* Release */,
			);
			defaultConfigurationIsVisible = 0;
			defaultConfigurationName = Release;
		};
/* End XCConfigurationList section */
	};
	rootObject = B919E082203DF164000E0402 /* Project object */;
}
